// !$*UTF8*$!
{
	archiveVersion = 1;
	classes = {
	};
	objectVersion = 48;
	objects = {

/* Begin PBXBuildFile section */
		9040A6271FAE741200D89A53 /* AppDelegate.swift in Sources */ = {isa = PBXBuildFile; fileRef = 9040A6261FAE741200D89A53 /* AppDelegate.swift */; };
		9040A6291FAE741200D89A53 /* ViewController.swift in Sources */ = {isa = PBXBuildFile; fileRef = 9040A6281FAE741200D89A53 /* ViewController.swift */; };
		9040A62C1FAE741200D89A53 /* Main.storyboard in Resources */ = {isa = PBXBuildFile; fileRef = 9040A62A1FAE741200D89A53 /* Main.storyboard */; };
		9040A62E1FAE741200D89A53 /* Assets.xcassets in Resources */ = {isa = PBXBuildFile; fileRef = 9040A62D1FAE741200D89A53 /* Assets.xcassets */; };
		9040A6311FAE741200D89A53 /* LaunchScreen.storyboard in Resources */ = {isa = PBXBuildFile; fileRef = 9040A62F1FAE741200D89A53 /* LaunchScreen.storyboard */; };
		9040A6551FAE7A6600D89A53 /* CollectionViewCell.swift in Sources */ = {isa = PBXBuildFile; fileRef = 9040A6541FAE7A6600D89A53 /* CollectionViewCell.swift */; };
		9DAF7ED8F16D4EED1CDBE86D /* Pods_WhatsApp_Estickers.framework in Frameworks */ = {isa = PBXBuildFile; fileRef = ABF5B8C13EA45C1C2740AAF5 /* Pods_WhatsApp_Estickers.framework */; };
		CAD2CC0921E8337D00B7B829 /* DetailViewController.swift in Sources */ = {isa = PBXBuildFile; fileRef = CAD2CC0821E8337D00B7B829 /* DetailViewController.swift */; };
		CAD2E66C2273FD0D001BF5AF /* DetailViewCell.swift in Sources */ = {isa = PBXBuildFile; fileRef = CAD2E66B2273FD0D001BF5AF /* DetailViewCell.swift */; };
		CAD2E66E22740628001BF5AF /* EstickerItem.swift in Sources */ = {isa = PBXBuildFile; fileRef = CAD2E66D22740628001BF5AF /* EstickerItem.swift */; };
		CAF10F3F229F8F3C00674AD4 /* YYFrameImage.m in Sources */ = {isa = PBXBuildFile; fileRef = CAF10F35229F8F3C00674AD4 /* YYFrameImage.m */; };
		CAF10F40229F8F3C00674AD4 /* YYImageCoder.m in Sources */ = {isa = PBXBuildFile; fileRef = CAF10F36229F8F3C00674AD4 /* YYImageCoder.m */; };
		CAF10F41229F8F3C00674AD4 /* YYSpriteSheetImage.m in Sources */ = {isa = PBXBuildFile; fileRef = CAF10F37229F8F3C00674AD4 /* YYSpriteSheetImage.m */; };
		CAF10F42229F8F3C00674AD4 /* YYAnimatedImageView.m in Sources */ = {isa = PBXBuildFile; fileRef = CAF10F38229F8F3C00674AD4 /* YYAnimatedImageView.m */; };
		CAF10F43229F8F3C00674AD4 /* YYImage.m in Sources */ = {isa = PBXBuildFile; fileRef = CAF10F3E229F8F3C00674AD4 /* YYImage.m */; };
		CAF10F45229F8F4E00674AD4 /* Limits.swift in Sources */ = {isa = PBXBuildFile; fileRef = CAF10F44229F8F4E00674AD4 /* Limits.swift */; };
		CAF10F47229F8F5600674AD4 /* StickerPackManager.swift in Sources */ = {isa = PBXBuildFile; fileRef = CAF10F46229F8F5600674AD4 /* StickerPackManager.swift */; };
		CAF10F49229F8F6100674AD4 /* StickerPack.swift in Sources */ = {isa = PBXBuildFile; fileRef = CAF10F48229F8F6100674AD4 /* StickerPack.swift */; };
		CAF10F4B229F8F6E00674AD4 /* Sticker.swift in Sources */ = {isa = PBXBuildFile; fileRef = CAF10F4A229F8F6E00674AD4 /* Sticker.swift */; };
		CAF10F4D229F8F7A00674AD4 /* ImageData.swift in Sources */ = {isa = PBXBuildFile; fileRef = CAF10F4C229F8F7A00674AD4 /* ImageData.swift */; };
		CAF10F4F229F8F8700674AD4 /* Interoperability.swift in Sources */ = {isa = PBXBuildFile; fileRef = CAF10F4E229F8F8700674AD4 /* Interoperability.swift */; };
		CAF10F51229F8F9300674AD4 /* WebPManager.swift in Sources */ = {isa = PBXBuildFile; fileRef = CAF10F50229F8F9300674AD4 /* WebPManager.swift */; };
/* End PBXBuildFile section */

/* Begin PBXContainerItemProxy section */
		9040A6381FAE741200D89A53 /* PBXContainerItemProxy */ = {
			isa = PBXContainerItemProxy;
			containerPortal = 9040A61B1FAE741200D89A53 /* Project object */;
			proxyType = 1;
			remoteGlobalIDString = 9040A6221FAE741200D89A53;
			remoteInfo = cardLayout;
		};
		9040A6431FAE741200D89A53 /* PBXContainerItemProxy */ = {
			isa = PBXContainerItemProxy;
			containerPortal = 9040A61B1FAE741200D89A53 /* Project object */;
			proxyType = 1;
			remoteGlobalIDString = 9040A6221FAE741200D89A53;
			remoteInfo = cardLayout;
		};
/* End PBXContainerItemProxy section */

/* Begin PBXFileReference section */
		1BE2DAA3AA979787D1539537 /* Pods-WhatsApp Estickers.debug.xcconfig */ = {isa = PBXFileReference; includeInIndex = 1; lastKnownFileType = text.xcconfig; name = "Pods-WhatsApp Estickers.debug.xcconfig"; path = "Pods/Target Support Files/Pods-WhatsApp Estickers/Pods-WhatsApp Estickers.debug.xcconfig"; sourceTree = "<group>"; };
		9040A6231FAE741200D89A53 /* WhatsApp Estickers.app */ = {isa = PBXFileReference; explicitFileType = wrapper.application; includeInIndex = 0; path = "WhatsApp Estickers.app"; sourceTree = BUILT_PRODUCTS_DIR; };
		9040A6261FAE741200D89A53 /* AppDelegate.swift */ = {isa = PBXFileReference; lastKnownFileType = sourcecode.swift; path = AppDelegate.swift; sourceTree = "<group>"; };
		9040A6281FAE741200D89A53 /* ViewController.swift */ = {isa = PBXFileReference; lastKnownFileType = sourcecode.swift; path = ViewController.swift; sourceTree = "<group>"; };
		9040A62B1FAE741200D89A53 /* Base */ = {isa = PBXFileReference; lastKnownFileType = file.storyboard; name = Base; path = Base.lproj/Main.storyboard; sourceTree = "<group>"; };
		9040A62D1FAE741200D89A53 /* Assets.xcassets */ = {isa = PBXFileReference; lastKnownFileType = folder.assetcatalog; path = Assets.xcassets; sourceTree = "<group>"; };
		9040A6301FAE741200D89A53 /* Base */ = {isa = PBXFileReference; lastKnownFileType = file.storyboard; name = Base; path = Base.lproj/LaunchScreen.storyboard; sourceTree = "<group>"; };
		9040A6321FAE741200D89A53 /* Info.plist */ = {isa = PBXFileReference; lastKnownFileType = text.plist.xml; path = Info.plist; sourceTree = "<group>"; };
		9040A6371FAE741200D89A53 /* WhatsApp EstickersTests.xctest */ = {isa = PBXFileReference; explicitFileType = wrapper.cfbundle; includeInIndex = 0; path = "WhatsApp EstickersTests.xctest"; sourceTree = BUILT_PRODUCTS_DIR; };
		9040A6421FAE741200D89A53 /* WhatsApp EstickersUITests.xctest */ = {isa = PBXFileReference; explicitFileType = wrapper.cfbundle; includeInIndex = 0; path = "WhatsApp EstickersUITests.xctest"; sourceTree = BUILT_PRODUCTS_DIR; };
		9040A6541FAE7A6600D89A53 /* CollectionViewCell.swift */ = {isa = PBXFileReference; lastKnownFileType = sourcecode.swift; path = CollectionViewCell.swift; sourceTree = "<group>"; };
		981FE7D92076828217CECC01 /* Pods-WhatsApp Estickers.release.xcconfig */ = {isa = PBXFileReference; includeInIndex = 1; lastKnownFileType = text.xcconfig; name = "Pods-WhatsApp Estickers.release.xcconfig"; path = "Pods/Target Support Files/Pods-WhatsApp Estickers/Pods-WhatsApp Estickers.release.xcconfig"; sourceTree = "<group>"; };
		ABF5B8C13EA45C1C2740AAF5 /* Pods_WhatsApp_Estickers.framework */ = {isa = PBXFileReference; explicitFileType = wrapper.framework; includeInIndex = 0; path = Pods_WhatsApp_Estickers.framework; sourceTree = BUILT_PRODUCTS_DIR; };
		CAD2CC0821E8337D00B7B829 /* DetailViewController.swift */ = {isa = PBXFileReference; lastKnownFileType = sourcecode.swift; path = DetailViewController.swift; sourceTree = "<group>"; };
		CAD2E66B2273FD0D001BF5AF /* DetailViewCell.swift */ = {isa = PBXFileReference; lastKnownFileType = sourcecode.swift; path = DetailViewCell.swift; sourceTree = "<group>"; };
		CAD2E66D22740628001BF5AF /* EstickerItem.swift */ = {isa = PBXFileReference; lastKnownFileType = sourcecode.swift; path = EstickerItem.swift; sourceTree = "<group>"; };
		CAF10F34229F8F3B00674AD4 /* WhatsApp Estickers-Bridging-Header.h */ = {isa = PBXFileReference; lastKnownFileType = sourcecode.c.h; path = "WhatsApp Estickers-Bridging-Header.h"; sourceTree = "<group>"; };
		CAF10F35229F8F3C00674AD4 /* YYFrameImage.m */ = {isa = PBXFileReference; fileEncoding = 4; lastKnownFileType = sourcecode.c.objc; name = YYFrameImage.m; path = ../../../Tutorials/stickers/iOS/WAStickersThirdParty/YYFrameImage.m; sourceTree = "<group>"; };
		CAF10F36229F8F3C00674AD4 /* YYImageCoder.m */ = {isa = PBXFileReference; fileEncoding = 4; lastKnownFileType = sourcecode.c.objc; name = YYImageCoder.m; path = ../../../Tutorials/stickers/iOS/WAStickersThirdParty/YYImageCoder.m; sourceTree = "<group>"; };
		CAF10F37229F8F3C00674AD4 /* YYSpriteSheetImage.m */ = {isa = PBXFileReference; fileEncoding = 4; lastKnownFileType = sourcecode.c.objc; name = YYSpriteSheetImage.m; path = ../../../Tutorials/stickers/iOS/WAStickersThirdParty/YYSpriteSheetImage.m; sourceTree = "<group>"; };
		CAF10F38229F8F3C00674AD4 /* YYAnimatedImageView.m */ = {isa = PBXFileReference; fileEncoding = 4; lastKnownFileType = sourcecode.c.objc; name = YYAnimatedImageView.m; path = ../../../Tutorials/stickers/iOS/WAStickersThirdParty/YYAnimatedImageView.m; sourceTree = "<group>"; };
		CAF10F39229F8F3C00674AD4 /* YYAnimatedImageView.h */ = {isa = PBXFileReference; fileEncoding = 4; lastKnownFileType = sourcecode.c.h; name = YYAnimatedImageView.h; path = ../../../Tutorials/stickers/iOS/WAStickersThirdParty/YYAnimatedImageView.h; sourceTree = "<group>"; };
		CAF10F3A229F8F3C00674AD4 /* YYImage.h */ = {isa = PBXFileReference; fileEncoding = 4; lastKnownFileType = sourcecode.c.h; name = YYImage.h; path = ../../../Tutorials/stickers/iOS/WAStickersThirdParty/YYImage.h; sourceTree = "<group>"; };
		CAF10F3B229F8F3C00674AD4 /* YYSpriteSheetImage.h */ = {isa = PBXFileReference; fileEncoding = 4; lastKnownFileType = sourcecode.c.h; name = YYSpriteSheetImage.h; path = ../../../Tutorials/stickers/iOS/WAStickersThirdParty/YYSpriteSheetImage.h; sourceTree = "<group>"; };
		CAF10F3C229F8F3C00674AD4 /* YYImageCoder.h */ = {isa = PBXFileReference; fileEncoding = 4; lastKnownFileType = sourcecode.c.h; name = YYImageCoder.h; path = ../../../Tutorials/stickers/iOS/WAStickersThirdParty/YYImageCoder.h; sourceTree = "<group>"; };
		CAF10F3D229F8F3C00674AD4 /* YYFrameImage.h */ = {isa = PBXFileReference; fileEncoding = 4; lastKnownFileType = sourcecode.c.h; name = YYFrameImage.h; path = ../../../Tutorials/stickers/iOS/WAStickersThirdParty/YYFrameImage.h; sourceTree = "<group>"; };
		CAF10F3E229F8F3C00674AD4 /* YYImage.m */ = {isa = PBXFileReference; fileEncoding = 4; lastKnownFileType = sourcecode.c.objc; name = YYImage.m; path = ../../../Tutorials/stickers/iOS/WAStickersThirdParty/YYImage.m; sourceTree = "<group>"; };
		CAF10F44229F8F4E00674AD4 /* Limits.swift */ = {isa = PBXFileReference; fileEncoding = 4; lastKnownFileType = sourcecode.swift; name = Limits.swift; path = ../../../Tutorials/stickers/iOS/WAStickersThirdParty/Limits.swift; sourceTree = "<group>"; };
		CAF10F46229F8F5600674AD4 /* StickerPackManager.swift */ = {isa = PBXFileReference; fileEncoding = 4; lastKnownFileType = sourcecode.swift; name = StickerPackManager.swift; path = ../../../Tutorials/stickers/iOS/WAStickersThirdParty/StickerPackManager.swift; sourceTree = "<group>"; };
		CAF10F48229F8F6100674AD4 /* StickerPack.swift */ = {isa = PBXFileReference; fileEncoding = 4; lastKnownFileType = sourcecode.swift; name = StickerPack.swift; path = ../../../Tutorials/stickers/iOS/WAStickersThirdParty/StickerPack.swift; sourceTree = "<group>"; };
		CAF10F4A229F8F6E00674AD4 /* Sticker.swift */ = {isa = PBXFileReference; fileEncoding = 4; lastKnownFileType = sourcecode.swift; name = Sticker.swift; path = ../../../Tutorials/stickers/iOS/WAStickersThirdParty/Sticker.swift; sourceTree = "<group>"; };
		CAF10F4C229F8F7A00674AD4 /* ImageData.swift */ = {isa = PBXFileReference; fileEncoding = 4; lastKnownFileType = sourcecode.swift; name = ImageData.swift; path = ../../../Tutorials/stickers/iOS/WAStickersThirdParty/ImageData.swift; sourceTree = "<group>"; };
		CAF10F4E229F8F8700674AD4 /* Interoperability.swift */ = {isa = PBXFileReference; fileEncoding = 4; lastKnownFileType = sourcecode.swift; name = Interoperability.swift; path = ../../../Tutorials/stickers/iOS/WAStickersThirdParty/Interoperability.swift; sourceTree = "<group>"; };
		CAF10F50229F8F9300674AD4 /* WebPManager.swift */ = {isa = PBXFileReference; fileEncoding = 4; lastKnownFileType = sourcecode.swift; name = WebPManager.swift; path = ../../../Tutorials/stickers/iOS/WAStickersThirdParty/WebPManager.swift; sourceTree = "<group>"; };
/* End PBXFileReference section */

/* Begin PBXFrameworksBuildPhase section */
		9040A6201FAE741200D89A53 /* Frameworks */ = {
			isa = PBXFrameworksBuildPhase;
			buildActionMask = 2147483647;
			files = (
				9DAF7ED8F16D4EED1CDBE86D /* Pods_WhatsApp_Estickers.framework in Frameworks */,
			);
			runOnlyForDeploymentPostprocessing = 0;
		};
		9040A6341FAE741200D89A53 /* Frameworks */ = {
			isa = PBXFrameworksBuildPhase;
			buildActionMask = 2147483647;
			files = (
			);
			runOnlyForDeploymentPostprocessing = 0;
		};
		9040A63F1FAE741200D89A53 /* Frameworks */ = {
			isa = PBXFrameworksBuildPhase;
			buildActionMask = 2147483647;
			files = (
			);
			runOnlyForDeploymentPostprocessing = 0;
		};
/* End PBXFrameworksBuildPhase section */

/* Begin PBXGroup section */
		4919C38C425FD1CC0F140639 /* Frameworks */ = {
			isa = PBXGroup;
			children = (
				ABF5B8C13EA45C1C2740AAF5 /* Pods_WhatsApp_Estickers.framework */,
			);
			name = Frameworks;
			sourceTree = "<group>";
		};
		4F22C4533C0AB5E0AC5D86E2 /* Pods */ = {
			isa = PBXGroup;
			children = (
				1BE2DAA3AA979787D1539537 /* Pods-WhatsApp Estickers.debug.xcconfig */,
				981FE7D92076828217CECC01 /* Pods-WhatsApp Estickers.release.xcconfig */,
			);
			name = Pods;
			sourceTree = "<group>";
		};
		9040A61A1FAE741200D89A53 = {
			isa = PBXGroup;
			children = (
				9040A6251FAE741200D89A53 /* WhatsApp Estickers */,
				9040A6241FAE741200D89A53 /* Products */,
				4F22C4533C0AB5E0AC5D86E2 /* Pods */,
				4919C38C425FD1CC0F140639 /* Frameworks */,
			);
			sourceTree = "<group>";
		};
		9040A6241FAE741200D89A53 /* Products */ = {
			isa = PBXGroup;
			children = (
				9040A6231FAE741200D89A53 /* WhatsApp Estickers.app */,
				9040A6371FAE741200D89A53 /* WhatsApp EstickersTests.xctest */,
				9040A6421FAE741200D89A53 /* WhatsApp EstickersUITests.xctest */,
			);
			name = Products;
			sourceTree = "<group>";
		};
		9040A6251FAE741200D89A53 /* WhatsApp Estickers */ = {
			isa = PBXGroup;
			children = (
				9040A6261FAE741200D89A53 /* AppDelegate.swift */,
				9040A6281FAE741200D89A53 /* ViewController.swift */,
				9040A62A1FAE741200D89A53 /* Main.storyboard */,
				CAF10F44229F8F4E00674AD4 /* Limits.swift */,
				CAD2E66D22740628001BF5AF /* EstickerItem.swift */,
				CAD2E66B2273FD0D001BF5AF /* DetailViewCell.swift */,
				CAD2CC0821E8337D00B7B829 /* DetailViewController.swift */,
				CAF10F48229F8F6100674AD4 /* StickerPack.swift */,
				CAF10F4C229F8F7A00674AD4 /* ImageData.swift */,
				CAF10F4E229F8F8700674AD4 /* Interoperability.swift */,
				CAF10F4A229F8F6E00674AD4 /* Sticker.swift */,
				CAF10F50229F8F9300674AD4 /* WebPManager.swift */,
				CAF10F46229F8F5600674AD4 /* StickerPackManager.swift */,
				9040A6541FAE7A6600D89A53 /* CollectionViewCell.swift */,
				9040A62D1FAE741200D89A53 /* Assets.xcassets */,
				9040A62F1FAE741200D89A53 /* LaunchScreen.storyboard */,
				9040A6321FAE741200D89A53 /* Info.plist */,
				CAF10F39229F8F3C00674AD4 /* YYAnimatedImageView.h */,
				CAF10F38229F8F3C00674AD4 /* YYAnimatedImageView.m */,
				CAF10F3D229F8F3C00674AD4 /* YYFrameImage.h */,
				CAF10F35229F8F3C00674AD4 /* YYFrameImage.m */,
				CAF10F3A229F8F3C00674AD4 /* YYImage.h */,
				CAF10F3E229F8F3C00674AD4 /* YYImage.m */,
				CAF10F3C229F8F3C00674AD4 /* YYImageCoder.h */,
				CAF10F36229F8F3C00674AD4 /* YYImageCoder.m */,
				CAF10F3B229F8F3C00674AD4 /* YYSpriteSheetImage.h */,
				CAF10F37229F8F3C00674AD4 /* YYSpriteSheetImage.m */,
				CAF10F34229F8F3B00674AD4 /* WhatsApp Estickers-Bridging-Header.h */,
			);
			path = "WhatsApp Estickers";
			sourceTree = "<group>";
		};
/* End PBXGroup section */

/* Begin PBXNativeTarget section */
		9040A6221FAE741200D89A53 /* WhatsApp Estickers */ = {
			isa = PBXNativeTarget;
			buildConfigurationList = 9040A64B1FAE741300D89A53 /* Build configuration list for PBXNativeTarget "WhatsApp Estickers" */;
			buildPhases = (
				7078797556501AF17C34822C /* [CP] Check Pods Manifest.lock */,
				9040A61F1FAE741200D89A53 /* Sources */,
				9040A6201FAE741200D89A53 /* Frameworks */,
				9040A6211FAE741200D89A53 /* Resources */,
			);
			buildRules = (
			);
			dependencies = (
			);
			name = "WhatsApp Estickers";
			productName = cardLayout;
			productReference = 9040A6231FAE741200D89A53 /* WhatsApp Estickers.app */;
			productType = "com.apple.product-type.application";
		};
		9040A6361FAE741200D89A53 /* WhatsApp EstickersTests */ = {
			isa = PBXNativeTarget;
			buildConfigurationList = 9040A64E1FAE741300D89A53 /* Build configuration list for PBXNativeTarget "WhatsApp EstickersTests" */;
			buildPhases = (
				9040A6331FAE741200D89A53 /* Sources */,
				9040A6341FAE741200D89A53 /* Frameworks */,
				9040A6351FAE741200D89A53 /* Resources */,
			);
			buildRules = (
			);
			dependencies = (
				9040A6391FAE741200D89A53 /* PBXTargetDependency */,
			);
			name = "WhatsApp EstickersTests";
			productName = cardLayoutTests;
			productReference = 9040A6371FAE741200D89A53 /* WhatsApp EstickersTests.xctest */;
			productType = "com.apple.product-type.bundle.unit-test";
		};
		9040A6411FAE741200D89A53 /* WhatsApp EstickersUITests */ = {
			isa = PBXNativeTarget;
			buildConfigurationList = 9040A6511FAE741300D89A53 /* Build configuration list for PBXNativeTarget "WhatsApp EstickersUITests" */;
			buildPhases = (
				9040A63E1FAE741200D89A53 /* Sources */,
				9040A63F1FAE741200D89A53 /* Frameworks */,
				9040A6401FAE741200D89A53 /* Resources */,
			);
			buildRules = (
			);
			dependencies = (
				9040A6441FAE741200D89A53 /* PBXTargetDependency */,
			);
			name = "WhatsApp EstickersUITests";
			productName = cardLayoutUITests;
			productReference = 9040A6421FAE741200D89A53 /* WhatsApp EstickersUITests.xctest */;
			productType = "com.apple.product-type.bundle.ui-testing";
		};
/* End PBXNativeTarget section */

/* Begin PBXProject section */
		9040A61B1FAE741200D89A53 /* Project object */ = {
			isa = PBXProject;
			attributes = {
				LastSwiftUpdateCheck = 0910;
				LastUpgradeCheck = 0910;
				ORGANIZATIONNAME = "Riley Norris";
				TargetAttributes = {
					9040A6221FAE741200D89A53 = {
						CreatedOnToolsVersion = 9.1;
						LastSwiftMigration = 1020;
						ProvisioningStyle = Automatic;
					};
					9040A6361FAE741200D89A53 = {
						CreatedOnToolsVersion = 9.1;
						ProvisioningStyle = Automatic;
						TestTargetID = 9040A6221FAE741200D89A53;
					};
					9040A6411FAE741200D89A53 = {
						CreatedOnToolsVersion = 9.1;
						ProvisioningStyle = Automatic;
						TestTargetID = 9040A6221FAE741200D89A53;
					};
				};
			};
			buildConfigurationList = 9040A61E1FAE741200D89A53 /* Build configuration list for PBXProject "WhatsApp Estickers" */;
			compatibilityVersion = "Xcode 8.0";
			developmentRegion = en;
			hasScannedForEncodings = 0;
			knownRegions = (
				en,
				Base,
			);
			mainGroup = 9040A61A1FAE741200D89A53;
			productRefGroup = 9040A6241FAE741200D89A53 /* Products */;
			projectDirPath = "";
			projectRoot = "";
			targets = (
				9040A6221FAE741200D89A53 /* WhatsApp Estickers */,
				9040A6361FAE741200D89A53 /* WhatsApp EstickersTests */,
				9040A6411FAE741200D89A53 /* WhatsApp EstickersUITests */,
			);
		};
/* End PBXProject section */

/* Begin PBXResourcesBuildPhase section */
		9040A6211FAE741200D89A53 /* Resources */ = {
			isa = PBXResourcesBuildPhase;
			buildActionMask = 2147483647;
			files = (
				9040A6311FAE741200D89A53 /* LaunchScreen.storyboard in Resources */,
				9040A62E1FAE741200D89A53 /* Assets.xcassets in Resources */,
				9040A62C1FAE741200D89A53 /* Main.storyboard in Resources */,
			);
			runOnlyForDeploymentPostprocessing = 0;
		};
		9040A6351FAE741200D89A53 /* Resources */ = {
			isa = PBXResourcesBuildPhase;
			buildActionMask = 2147483647;
			files = (
			);
			runOnlyForDeploymentPostprocessing = 0;
		};
		9040A6401FAE741200D89A53 /* Resources */ = {
			isa = PBXResourcesBuildPhase;
			buildActionMask = 2147483647;
			files = (
			);
			runOnlyForDeploymentPostprocessing = 0;
		};
/* End PBXResourcesBuildPhase section */

/* Begin PBXShellScriptBuildPhase section */
		7078797556501AF17C34822C /* [CP] Check Pods Manifest.lock */ = {
			isa = PBXShellScriptBuildPhase;
			buildActionMask = 2147483647;
			files = (
			);
			inputFileListPaths = (
			);
			inputPaths = (
				"${PODS_PODFILE_DIR_PATH}/Podfile.lock",
				"${PODS_ROOT}/Manifest.lock",
			);
			name = "[CP] Check Pods Manifest.lock";
			outputFileListPaths = (
			);
			outputPaths = (
				"$(DERIVED_FILE_DIR)/Pods-WhatsApp Estickers-checkManifestLockResult.txt",
			);
			runOnlyForDeploymentPostprocessing = 0;
			shellPath = /bin/sh;
			shellScript = "diff \"${PODS_PODFILE_DIR_PATH}/Podfile.lock\" \"${PODS_ROOT}/Manifest.lock\" > /dev/null\nif [ $? != 0 ] ; then\n    # print error to STDERR\n    echo \"error: The sandbox is not in sync with the Podfile.lock. Run 'pod install' or update your CocoaPods installation.\" >&2\n    exit 1\nfi\n# This output is used by Xcode 'outputs' to avoid re-running this script phase.\necho \"SUCCESS\" > \"${SCRIPT_OUTPUT_FILE_0}\"\n";
			showEnvVarsInLog = 0;
		};
/* End PBXShellScriptBuildPhase section */

/* Begin PBXSourcesBuildPhase section */
		9040A61F1FAE741200D89A53 /* Sources */ = {
			isa = PBXSourcesBuildPhase;
			buildActionMask = 2147483647;
			files = (
				CAF10F47229F8F5600674AD4 /* StickerPackManager.swift in Sources */,
				CAF10F43229F8F3C00674AD4 /* YYImage.m in Sources */,
				CAF10F45229F8F4E00674AD4 /* Limits.swift in Sources */,
				9040A6291FAE741200D89A53 /* ViewController.swift in Sources */,
				CAF10F4B229F8F6E00674AD4 /* Sticker.swift in Sources */,
				9040A6271FAE741200D89A53 /* AppDelegate.swift in Sources */,
				CAD2E66C2273FD0D001BF5AF /* DetailViewCell.swift in Sources */,
				CAF10F51229F8F9300674AD4 /* WebPManager.swift in Sources */,
				CAF10F4D229F8F7A00674AD4 /* ImageData.swift in Sources */,
				CAF10F41229F8F3C00674AD4 /* YYSpriteSheetImage.m in Sources */,
				CAF10F40229F8F3C00674AD4 /* YYImageCoder.m in Sources */,
				CAF10F4F229F8F8700674AD4 /* Interoperability.swift in Sources */,
				9040A6551FAE7A6600D89A53 /* CollectionViewCell.swift in Sources */,
				CAF10F3F229F8F3C00674AD4 /* YYFrameImage.m in Sources */,
				CAF10F49229F8F6100674AD4 /* StickerPack.swift in Sources */,
				CAD2E66E22740628001BF5AF /* EstickerItem.swift in Sources */,
				CAD2CC0921E8337D00B7B829 /* DetailViewController.swift in Sources */,
				CAF10F42229F8F3C00674AD4 /* YYAnimatedImageView.m in Sources */,
			);
			runOnlyForDeploymentPostprocessing = 0;
		};
		9040A6331FAE741200D89A53 /* Sources */ = {
			isa = PBXSourcesBuildPhase;
			buildActionMask = 2147483647;
			files = (
			);
			runOnlyForDeploymentPostprocessing = 0;
		};
		9040A63E1FAE741200D89A53 /* Sources */ = {
			isa = PBXSourcesBuildPhase;
			buildActionMask = 2147483647;
			files = (
			);
			runOnlyForDeploymentPostprocessing = 0;
		};
/* End PBXSourcesBuildPhase section */

/* Begin PBXTargetDependency section */
		9040A6391FAE741200D89A53 /* PBXTargetDependency */ = {
			isa = PBXTargetDependency;
			target = 9040A6221FAE741200D89A53 /* WhatsApp Estickers */;
			targetProxy = 9040A6381FAE741200D89A53 /* PBXContainerItemProxy */;
		};
		9040A6441FAE741200D89A53 /* PBXTargetDependency */ = {
			isa = PBXTargetDependency;
			target = 9040A6221FAE741200D89A53 /* WhatsApp Estickers */;
			targetProxy = 9040A6431FAE741200D89A53 /* PBXContainerItemProxy */;
		};
/* End PBXTargetDependency section */

/* Begin PBXVariantGroup section */
		9040A62A1FAE741200D89A53 /* Main.storyboard */ = {
			isa = PBXVariantGroup;
			children = (
				9040A62B1FAE741200D89A53 /* Base */,
			);
			name = Main.storyboard;
			sourceTree = "<group>";
		};
		9040A62F1FAE741200D89A53 /* LaunchScreen.storyboard */ = {
			isa = PBXVariantGroup;
			children = (
				9040A6301FAE741200D89A53 /* Base */,
			);
			name = LaunchScreen.storyboard;
			sourceTree = "<group>";
		};
/* End PBXVariantGroup section */

/* Begin XCBuildConfiguration section */
		9040A6491FAE741300D89A53 /* Debug */ = {
			isa = XCBuildConfiguration;
			buildSettings = {
				ALWAYS_SEARCH_USER_PATHS = NO;
				CLANG_ANALYZER_NONNULL = YES;
				CLANG_ANALYZER_NUMBER_OBJECT_CONVERSION = YES_AGGRESSIVE;
				CLANG_CXX_LANGUAGE_STANDARD = "gnu++14";
				CLANG_CXX_LIBRARY = "libc++";
				CLANG_ENABLE_MODULES = YES;
				CLANG_ENABLE_OBJC_ARC = YES;
				CLANG_WARN_BLOCK_CAPTURE_AUTORELEASING = YES;
				CLANG_WARN_BOOL_CONVERSION = YES;
				CLANG_WARN_COMMA = YES;
				CLANG_WARN_CONSTANT_CONVERSION = YES;
				CLANG_WARN_DIRECT_OBJC_ISA_USAGE = YES_ERROR;
				CLANG_WARN_DOCUMENTATION_COMMENTS = YES;
				CLANG_WARN_EMPTY_BODY = YES;
				CLANG_WARN_ENUM_CONVERSION = YES;
				CLANG_WARN_INFINITE_RECURSION = YES;
				CLANG_WARN_INT_CONVERSION = YES;
				CLANG_WARN_NON_LITERAL_NULL_CONVERSION = YES;
				CLANG_WARN_OBJC_LITERAL_CONVERSION = YES;
				CLANG_WARN_OBJC_ROOT_CLASS = YES_ERROR;
				CLANG_WARN_RANGE_LOOP_ANALYSIS = YES;
				CLANG_WARN_STRICT_PROTOTYPES = YES;
				CLANG_WARN_SUSPICIOUS_MOVE = YES;
				CLANG_WARN_UNGUARDED_AVAILABILITY = YES_AGGRESSIVE;
				CLANG_WARN_UNREACHABLE_CODE = YES;
				CLANG_WARN__DUPLICATE_METHOD_MATCH = YES;
				CODE_SIGN_IDENTITY = "iPhone Developer";
				COPY_PHASE_STRIP = NO;
				DEBUG_INFORMATION_FORMAT = dwarf;
				ENABLE_STRICT_OBJC_MSGSEND = YES;
				ENABLE_TESTABILITY = YES;
				GCC_C_LANGUAGE_STANDARD = gnu11;
				GCC_DYNAMIC_NO_PIC = NO;
				GCC_NO_COMMON_BLOCKS = YES;
				GCC_OPTIMIZATION_LEVEL = 0;
				GCC_PREPROCESSOR_DEFINITIONS = (
					"DEBUG=1",
					"$(inherited)",
				);
				GCC_WARN_64_TO_32_BIT_CONVERSION = YES;
				GCC_WARN_ABOUT_RETURN_TYPE = YES_ERROR;
				GCC_WARN_UNDECLARED_SELECTOR = YES;
				GCC_WARN_UNINITIALIZED_AUTOS = YES_AGGRESSIVE;
				GCC_WARN_UNUSED_FUNCTION = YES;
				GCC_WARN_UNUSED_VARIABLE = YES;
				IPHONEOS_DEPLOYMENT_TARGET = 11.1;
				MTL_ENABLE_DEBUG_INFO = YES;
				ONLY_ACTIVE_ARCH = YES;
				SDKROOT = iphoneos;
				SWIFT_ACTIVE_COMPILATION_CONDITIONS = DEBUG;
				SWIFT_OPTIMIZATION_LEVEL = "-Onone";
			};
			name = Debug;
		};
		9040A64A1FAE741300D89A53 /* Release */ = {
			isa = XCBuildConfiguration;
			buildSettings = {
				ALWAYS_SEARCH_USER_PATHS = NO;
				CLANG_ANALYZER_NONNULL = YES;
				CLANG_ANALYZER_NUMBER_OBJECT_CONVERSION = YES_AGGRESSIVE;
				CLANG_CXX_LANGUAGE_STANDARD = "gnu++14";
				CLANG_CXX_LIBRARY = "libc++";
				CLANG_ENABLE_MODULES = YES;
				CLANG_ENABLE_OBJC_ARC = YES;
				CLANG_WARN_BLOCK_CAPTURE_AUTORELEASING = YES;
				CLANG_WARN_BOOL_CONVERSION = YES;
				CLANG_WARN_COMMA = YES;
				CLANG_WARN_CONSTANT_CONVERSION = YES;
				CLANG_WARN_DIRECT_OBJC_ISA_USAGE = YES_ERROR;
				CLANG_WARN_DOCUMENTATION_COMMENTS = YES;
				CLANG_WARN_EMPTY_BODY = YES;
				CLANG_WARN_ENUM_CONVERSION = YES;
				CLANG_WARN_INFINITE_RECURSION = YES;
				CLANG_WARN_INT_CONVERSION = YES;
				CLANG_WARN_NON_LITERAL_NULL_CONVERSION = YES;
				CLANG_WARN_OBJC_LITERAL_CONVERSION = YES;
				CLANG_WARN_OBJC_ROOT_CLASS = YES_ERROR;
				CLANG_WARN_RANGE_LOOP_ANALYSIS = YES;
				CLANG_WARN_STRICT_PROTOTYPES = YES;
				CLANG_WARN_SUSPICIOUS_MOVE = YES;
				CLANG_WARN_UNGUARDED_AVAILABILITY = YES_AGGRESSIVE;
				CLANG_WARN_UNREACHABLE_CODE = YES;
				CLANG_WARN__DUPLICATE_METHOD_MATCH = YES;
				CODE_SIGN_IDENTITY = "iPhone Developer";
				COPY_PHASE_STRIP = NO;
				DEBUG_INFORMATION_FORMAT = "dwarf-with-dsym";
				ENABLE_NS_ASSERTIONS = NO;
				ENABLE_STRICT_OBJC_MSGSEND = YES;
				GCC_C_LANGUAGE_STANDARD = gnu11;
				GCC_NO_COMMON_BLOCKS = YES;
				GCC_WARN_64_TO_32_BIT_CONVERSION = YES;
				GCC_WARN_ABOUT_RETURN_TYPE = YES_ERROR;
				GCC_WARN_UNDECLARED_SELECTOR = YES;
				GCC_WARN_UNINITIALIZED_AUTOS = YES_AGGRESSIVE;
				GCC_WARN_UNUSED_FUNCTION = YES;
				GCC_WARN_UNUSED_VARIABLE = YES;
				IPHONEOS_DEPLOYMENT_TARGET = 11.1;
				MTL_ENABLE_DEBUG_INFO = NO;
				SDKROOT = iphoneos;
				SWIFT_OPTIMIZATION_LEVEL = "-Owholemodule";
				VALIDATE_PRODUCT = YES;
			};
			name = Release;
		};
		9040A64C1FAE741300D89A53 /* Debug */ = {
			isa = XCBuildConfiguration;
			baseConfigurationReference = 1BE2DAA3AA979787D1539537 /* Pods-WhatsApp Estickers.debug.xcconfig */;
			buildSettings = {
				ASSETCATALOG_COMPILER_APPICON_NAME = AppIcon;
				CLANG_ENABLE_MODULES = YES;
				CODE_SIGN_STYLE = Automatic;
				DEVELOPMENT_TEAM = 764FG2R9VZ;
				INFOPLIST_FILE = "WhatsApp Estickers/Info.plist";
				LD_RUNPATH_SEARCH_PATHS = "$(inherited) @executable_path/Frameworks";
				PRODUCT_BUNDLE_IDENTIFIER = com.whatsappestickers;
				PRODUCT_NAME = "$(TARGET_NAME)";
				SWIFT_OBJC_BRIDGING_HEADER = "WhatsApp Estickers/WhatsApp Estickers-Bridging-Header.h";
				SWIFT_OPTIMIZATION_LEVEL = "-Onone";
				SWIFT_VERSION = 4.0;
				TARGETED_DEVICE_FAMILY = "1,2";
			};
			name = Debug;
		};
		9040A64D1FAE741300D89A53 /* Release */ = {
			isa = XCBuildConfiguration;
			baseConfigurationReference = 981FE7D92076828217CECC01 /* Pods-WhatsApp Estickers.release.xcconfig */;
			buildSettings = {
				ASSETCATALOG_COMPILER_APPICON_NAME = AppIcon;
				CLANG_ENABLE_MODULES = YES;
				CODE_SIGN_STYLE = Automatic;
				DEVELOPMENT_TEAM = 764FG2R9VZ;
				INFOPLIST_FILE = "WhatsApp Estickers/Info.plist";
				LD_RUNPATH_SEARCH_PATHS = "$(inherited) @executable_path/Frameworks";
				PRODUCT_BUNDLE_IDENTIFIER = com.whatsappestickers;
				PRODUCT_NAME = "$(TARGET_NAME)";
				SWIFT_OBJC_BRIDGING_HEADER = "WhatsApp Estickers/WhatsApp Estickers-Bridging-Header.h";
				SWIFT_VERSION = 4.0;
				TARGETED_DEVICE_FAMILY = "1,2";
			};
			name = Release;
		};
		9040A64F1FAE741300D89A53 /* Debug */ = {
			isa = XCBuildConfiguration;
			buildSettings = {
				ALWAYS_EMBED_SWIFT_STANDARD_LIBRARIES = YES;
				BUNDLE_LOADER = "$(TEST_HOST)";
				CODE_SIGN_STYLE = Automatic;
				DEVELOPMENT_TEAM = 764FG2R9VZ;
				INFOPLIST_FILE = cardLayoutTests/Info.plist;
				LD_RUNPATH_SEARCH_PATHS = "$(inherited) @executable_path/Frameworks @loader_path/Frameworks";
				PRODUCT_BUNDLE_IDENTIFIER = com.cardLayoutTests;
				PRODUCT_NAME = "$(TARGET_NAME)";
				SWIFT_VERSION = 4.0;
				TARGETED_DEVICE_FAMILY = "1,2";
				TEST_HOST = "$(BUILT_PRODUCTS_DIR)/WhatsApp Estickers.app/WhatsApp Estickers";
			};
			name = Debug;
		};
		9040A6501FAE741300D89A53 /* Release */ = {
			isa = XCBuildConfiguration;
			buildSettings = {
				ALWAYS_EMBED_SWIFT_STANDARD_LIBRARIES = YES;
				BUNDLE_LOADER = "$(TEST_HOST)";
				CODE_SIGN_STYLE = Automatic;
				DEVELOPMENT_TEAM = 764FG2R9VZ;
				INFOPLIST_FILE = cardLayoutTests/Info.plist;
				LD_RUNPATH_SEARCH_PATHS = "$(inherited) @executable_path/Frameworks @loader_path/Frameworks";
				PRODUCT_BUNDLE_IDENTIFIER = com.cardLayoutTests;
				PRODUCT_NAME = "$(TARGET_NAME)";
				SWIFT_VERSION = 4.0;
				TARGETED_DEVICE_FAMILY = "1,2";
				TEST_HOST = "$(BUILT_PRODUCTS_DIR)/WhatsApp Estickers.app/WhatsApp Estickers";
			};
			name = Release;
		};
		9040A6521FAE741300D89A53 /* Debug */ = {
			isa = XCBuildConfiguration;
			buildSettings = {
				ALWAYS_EMBED_SWIFT_STANDARD_LIBRARIES = YES;
				CODE_SIGN_STYLE = Automatic;
				DEVELOPMENT_TEAM = 764FG2R9VZ;
				INFOPLIST_FILE = cardLayoutUITests/Info.plist;
				LD_RUNPATH_SEARCH_PATHS = "$(inherited) @executable_path/Frameworks @loader_path/Frameworks";
				PRODUCT_BUNDLE_IDENTIFIER = com.cardLayoutUITests;
				PRODUCT_NAME = "$(TARGET_NAME)";
				SWIFT_VERSION = 4.0;
				TARGETED_DEVICE_FAMILY = "1,2";
				TEST_TARGET_NAME = cardLayout;
			};
			name = Debug;
		};
		9040A6531FAE741300D89A53 /* Release */ = {
			isa = XCBuildConfiguration;
			buildSettings = {
				ALWAYS_EMBED_SWIFT_STANDARD_LIBRARIES = YES;
				CODE_SIGN_STYLE = Automatic;
				DEVELOPMENT_TEAM = 764FG2R9VZ;
				INFOPLIST_FILE = cardLayoutUITests/Info.plist;
				LD_RUNPATH_SEARCH_PATHS = "$(inherited) @executable_path/Frameworks @loader_path/Frameworks";
				PRODUCT_BUNDLE_IDENTIFIER = com.cardLayoutUITests;
				PRODUCT_NAME = "$(TARGET_NAME)";
				SWIFT_VERSION = 4.0;
				TARGETED_DEVICE_FAMILY = "1,2";
				TEST_TARGET_NAME = cardLayout;
			};
			name = Release;
		};
/* End XCBuildConfiguration section */

/* Begin XCConfigurationList section */
		9040A61E1FAE741200D89A53 /* Build configuration list for PBXProject "WhatsApp Estickers" */ = {
			isa = XCConfigurationList;
			buildConfigurations = (
				9040A6491FAE741300D89A53 /* Debug */,
				9040A64A1FAE741300D89A53 /* Release */,
			);
			defaultConfigurationIsVisible = 0;
			defaultConfigurationName = Release;
		};
		9040A64B1FAE741300D89A53 /* Build configuration list for PBXNativeTarget "WhatsApp Estickers" */ = {
			isa = XCConfigurationList;
			buildConfigurations = (
				9040A64C1FAE741300D89A53 /* Debug */,
				9040A64D1FAE741300D89A53 /* Release */,
			);
			defaultConfigurationIsVisible = 0;
			defaultConfigurationName = Release;
		};
		9040A64E1FAE741300D89A53 /* Build configuration list for PBXNativeTarget "WhatsApp EstickersTests" */ = {
			isa = XCConfigurationList;
			buildConfigurations = (
				9040A64F1FAE741300D89A53 /* Debug */,
				9040A6501FAE741300D89A53 /* Release */,
			);
			defaultConfigurationIsVisible = 0;
			defaultConfigurationName = Release;
		};
		9040A6511FAE741300D89A53 /* Build configuration list for PBXNativeTarget "WhatsApp EstickersUITests" */ = {
			isa = XCConfigurationList;
			buildConfigurations = (
				9040A6521FAE741300D89A53 /* Debug */,
				9040A6531FAE741300D89A53 /* Release */,
			);
			defaultConfigurationIsVisible = 0;
			defaultConfigurationName = Release;
		};
/* End XCConfigurationList section */
	};
	rootObject = 9040A61B1FAE741200D89A53 /* Project object */;
}
